
Microsoft Visual Studio Solution File, Format Version 12.00
# Visual Studio Version 17
VisualStudioVersion = 17.10.35004.147
MinimumVisualStudioVersion = 10.0.40219.1
Project("{FAE04EC0-301F-11D3-BF4B-00C04F79EFBC}") = "CSharp_BangCuuChuong", "CSharp_BangCuuChuong.csproj", "{859D2EB6-34A4-4021-8567-86F966D45677}"
EndProject
Global
	GlobalSection(SolutionConfigurationPlatforms) = preSolution
		Debug|Any CPU = Debug|Any CPU
		Release|Any CPU = Release|Any CPU
	EndGlobalSection
	GlobalSection(ProjectConfigurationPlatforms) = postSolution
		{859D2EB6-34A4-4021-8567-86F966D45677}.Debug|Any CPU.ActiveCfg = Debug|Any CPU
		{859D2EB6-34A4-4021-8567-86F966D45677}.Debug|Any CPU.Build.0 = Debug|Any CPU
		{859D2EB6-34A4-4021-8567-86F966D45677}.Release|Any CPU.ActiveCfg = Release|Any CPU
		{859D2EB6-34A4-4021-8567-86F966D45677}.Release|Any CPU.Build.0 = Release|Any CPU
	EndGlobalSection
	GlobalSection(SolutionProperties) = preSolution
		HideSolutionNode = FALSE
	EndGlobalSection
	GlobalSection(ExtensibilityGlobals) = postSolution
		SolutionGuid = {9E1F7B6E-1BB3-4A46-9FEF-E140DF8EB6F8}
	EndGlobalSection
EndGlobal
